
Microsoft Visual Studio Solution File, Format Version 12.00
# Visual Studio 15
VisualStudioVersion = 15.0.28010.2003
MinimumVisualStudioVersion = 10.0.40219.1
Project("{FAE04EC0-301F-11D3-BF4B-00C04F79EFBC}") = "Task1", "Task1\Task1.csproj", "{07EC2210-45DD-4B36-A434-364019EFCCD9}"
EndProject
Project("{FAE04EC0-301F-11D3-BF4B-00C04F79EFBC}") = "Task2", "Task2\Task2.csproj", "{34CADBC6-C903-4DD2-9CF4-2619350AA858}"
EndProject
Project("{FAE04EC0-301F-11D3-BF4B-00C04F79EFBC}") = "Task3", "Task3\Task3.csproj", "{98961313-5DCD-493A-BD8B-C31D314F1DED}"
EndProject
Project("{FAE04EC0-301F-11D3-BF4B-00C04F79EFBC}") = "Task4", "Task4\Task4.csproj", "{E258431A-4EB6-4B59-A1F4-7400059D284A}"
EndProject
Global
	GlobalSection(SolutionConfigurationPlatforms) = preSolution
		Debug|Any CPU = Debug|Any CPU
		Release|Any CPU = Release|Any CPU
	EndGlobalSection
	GlobalSection(ProjectConfigurationPlatforms) = postSolution
		{07EC2210-45DD-4B36-A434-364019EFCCD9}.Debug|Any CPU.ActiveCfg = Debug|Any CPU
		{07EC2210-45DD-4B36-A434-364019EFCCD9}.Debug|Any CPU.Build.0 = Debug|Any CPU
		{07EC2210-45DD-4B36-A434-364019EFCCD9}.Release|Any CPU.ActiveCfg = Release|Any CPU
		{07EC2210-45DD-4B36-A434-364019EFCCD9}.Release|Any CPU.Build.0 = Release|Any CPU
		{34CADBC6-C903-4DD2-9CF4-2619350AA858}.Debug|Any CPU.ActiveCfg = Debug|Any CPU
		{34CADBC6-C903-4DD2-9CF4-2619350AA858}.Debug|Any CPU.Build.0 = Debug|Any CPU
		{34CADBC6-C903-4DD2-9CF4-2619350AA858}.Release|Any CPU.ActiveCfg = Release|Any CPU
		{34CADBC6-C903-4DD2-9CF4-2619350AA858}.Release|Any CPU.Build.0 = Release|Any CPU
		{98961313-5DCD-493A-BD8B-C31D314F1DED}.Debug|Any CPU.ActiveCfg = Debug|Any CPU
		{98961313-5DCD-493A-BD8B-C31D314F1DED}.Debug|Any CPU.Build.0 = Debug|Any CPU
		{98961313-5DCD-493A-BD8B-C31D314F1DED}.Release|Any CPU.ActiveCfg = Release|Any CPU
		{98961313-5DCD-493A-BD8B-C31D314F1DED}.Release|Any CPU.Build.0 = Release|Any CPU
		{E258431A-4EB6-4B59-A1F4-7400059D284A}.Debug|Any CPU.ActiveCfg = Debug|Any CPU
		{E258431A-4EB6-4B59-A1F4-7400059D284A}.Debug|Any CPU.Build.0 = Debug|Any CPU
		{E258431A-4EB6-4B59-A1F4-7400059D284A}.Release|Any CPU.ActiveCfg = Release|Any CPU
		{E258431A-4EB6-4B59-A1F4-7400059D284A}.Release|Any CPU.Build.0 = Release|Any CPU
	EndGlobalSection
	GlobalSection(SolutionProperties) = preSolution
		HideSolutionNode = FALSE
	EndGlobalSection
	GlobalSection(ExtensibilityGlobals) = postSolution
		SolutionGuid = {17CB133D-8DB9-4236-A12C-41C71E487CE9}
	EndGlobalSection
EndGlobal
